
Microsoft Visual Studio Solution File, Format Version 12.00
# Visual Studio Version 17
VisualStudioVersion = 17.3.32819.101
MinimumVisualStudioVersion = 10.0.40219.1
Project("{FAE04EC0-301F-11D3-BF4B-00C04F79EFBC}") = "MyFirstProgram", "MyFirstProgram\MyFirstProgram.csproj", "{EB2DAE2B-B79A-4D7C-9DD5-F6A733FB391F}"
EndProject
Global
	GlobalSection(SolutionConfigurationPlatforms) = preSolution
		Debug|Any CPU = Debug|Any CPU
		Release|Any CPU = Release|Any CPU
	EndGlobalSection
	GlobalSection(ProjectConfigurationPlatforms) = postSolution
		{EB2DAE2B-B79A-4D7C-9DD5-F6A733FB391F}.Debug|Any CPU.ActiveCfg = Debug|Any CPU
		{EB2DAE2B-B79A-4D7C-9DD5-F6A733FB391F}.Debug|Any CPU.Build.0 = Debug|Any CPU
		{EB2DAE2B-B79A-4D7C-9DD5-F6A733FB391F}.Release|Any CPU.ActiveCfg = Release|Any CPU
		{EB2DAE2B-B79A-4D7C-9DD5-F6A733FB391F}.Release|Any CPU.Build.0 = Release|Any CPU
	EndGlobalSection
	GlobalSection(SolutionProperties) = preSolution
		HideSolutionNode = FALSE
	EndGlobalSection
	GlobalSection(ExtensibilityGlobals) = postSolution
		SolutionGuid = {B943636E-8F03-4561-A89C-460AE2099B72}
	EndGlobalSection
EndGlobal
